
Microsoft Visual Studio Solution File, Format Version 12.00
# Visual Studio Version 17
VisualStudioVersion = 17.4.33205.214
MinimumVisualStudioVersion = 10.0.40219.1
Project("{FAE04EC0-301F-11D3-BF4B-00C04F79EFBC}") = "lw5", "lw5\lw5.csproj", "{7EBD3107-3BE5-4A0F-8C4C-62BBDDCF2865}"
EndProject
Global
	GlobalSection(SolutionConfigurationPlatforms) = preSolution
		Debug|Any CPU = Debug|Any CPU
		Release|Any CPU = Release|Any CPU
	EndGlobalSection
	GlobalSection(ProjectConfigurationPlatforms) = postSolution
		{7EBD3107-3BE5-4A0F-8C4C-62BBDDCF2865}.Debug|Any CPU.ActiveCfg = Debug|Any CPU
		{7EBD3107-3BE5-4A0F-8C4C-62BBDDCF2865}.Debug|Any CPU.Build.0 = Debug|Any CPU
		{7EBD3107-3BE5-4A0F-8C4C-62BBDDCF2865}.Release|Any CPU.ActiveCfg = Release|Any CPU
		{7EBD3107-3BE5-4A0F-8C4C-62BBDDCF2865}.Release|Any CPU.Build.0 = Release|Any CPU
	EndGlobalSection
	GlobalSection(SolutionProperties) = preSolution
		HideSolutionNode = FALSE
	EndGlobalSection
	GlobalSection(ExtensibilityGlobals) = postSolution
		SolutionGuid = {CCE1A01E-86F5-4D5B-B853-50EA48D79738}
	EndGlobalSection
EndGlobal
